// !$*UTF8*$!
{
	archiveVersion = 1;
	classes = {
	};
	objectVersion = 46;
	objects = {

/* Begin PBXBuildFile section */
		039314A31D1633EF00A7ADDC /* main.m in Sources */ = {isa = PBXBuildFile; fileRef = 039314A21D1633EF00A7ADDC /* main.m */; };
		039314A61D1633EF00A7ADDC /* AppDelegate.m in Sources */ = {isa = PBXBuildFile; fileRef = 039314A51D1633EF00A7ADDC /* AppDelegate.m */; };
		039314A91D1633EF00A7ADDC /* ViewController.m in Sources */ = {isa = PBXBuildFile; fileRef = 039314A81D1633EF00A7ADDC /* ViewController.m */; };
		039314AC1D1633EF00A7ADDC /* Main.storyboard in Resources */ = {isa = PBXBuildFile; fileRef = 039314AA1D1633EF00A7ADDC /* Main.storyboard */; };
		039314AE1D1633EF00A7ADDC /* Assets.xcassets in Resources */ = {isa = PBXBuildFile; fileRef = 039314AD1D1633EF00A7ADDC /* Assets.xcassets */; };
		039314B11D1633EF00A7ADDC /* LaunchScreen.storyboard in Resources */ = {isa = PBXBuildFile; fileRef = 039314AF1D1633EF00A7ADDC /* LaunchScreen.storyboard */; };
		039314BA1D16342300A7ADDC /* UIImage+LXHPandingImage.m in Sources */ = {isa = PBXBuildFile; fileRef = 039314B91D16342300A7ADDC /* UIImage+LXHPandingImage.m */; };
/* End PBXBuildFile section */

/* Begin PBXFileReference section */
		0393149E1D1633EF00A7ADDC /* PandingImage.app */ = {isa = PBXFileReference; explicitFileType = wrapper.application; includeInIndex = 0; path = PandingImage.app; sourceTree = BUILT_PRODUCTS_DIR; };
		039314A21D1633EF00A7ADDC /* main.m */ = {isa = PBXFileReference; lastKnownFileType = sourcecode.c.objc; path = main.m; sourceTree = "<group>"; };
		039314A41D1633EF00A7ADDC /* AppDelegate.h */ = {isa = PBXFileReference; lastKnownFileType = sourcecode.c.h; path = AppDelegate.h; sourceTree = "<group>"; };
		039314A51D1633EF00A7ADDC /* AppDelegate.m */ = {isa = PBXFileReference; lastKnownFileType = sourcecode.c.objc; path = AppDelegate.m; sourceTree = "<group>"; };
		039314A71D1633EF00A7ADDC /* ViewController.h */ = {isa = PBXFileReference; lastKnownFileType = sourcecode.c.h; path = ViewController.h; sourceTree = "<group>"; };
		039314A81D1633EF00A7ADDC /* ViewController.m */ = {isa = PBXFileReference; lastKnownFileType = sourcecode.c.objc; path = ViewController.m; sourceTree = "<group>"; };
		039314AB1D1633EF00A7ADDC /* Base */ = {isa = PBXFileReference; lastKnownFileType = file.storyboard; name = Base; path = Base.lproj/Main.storyboard; sourceTree = "<group>"; };
		039314AD1D1633EF00A7ADDC /* Assets.xcassets */ = {isa = PBXFileReference; lastKnownFileType = folder.assetcatalog; path = Assets.xcassets; sourceTree = "<group>"; };
		039314B01D1633EF00A7ADDC /* Base */ = {isa = PBXFileReference; lastKnownFileType = file.storyboard; name = Base; path = Base.lproj/LaunchScreen.storyboard; sourceTree = "<group>"; };
		039314B21D1633EF00A7ADDC /* Info.plist */ = {isa = PBXFileReference; lastKnownFileType = text.plist.xml; path = Info.plist; sourceTree = "<group>"; };
		039314B81D16342300A7ADDC /* UIImage+LXHPandingImage.h */ = {isa = PBXFileReference; fileEncoding = 4; lastKnownFileType = sourcecode.c.h; path = "UIImage+LXHPandingImage.h"; sourceTree = "<group>"; };
		039314B91D16342300A7ADDC /* UIImage+LXHPandingImage.m */ = {isa = PBXFileReference; fileEncoding = 4; lastKnownFileType = sourcecode.c.objc; path = "UIImage+LXHPandingImage.m"; sourceTree = "<group>"; };
/* End PBXFileReference section */

/* Begin PBXFrameworksBuildPhase section */
		0393149B1D1633EF00A7ADDC /* Frameworks */ = {
			isa = PBXFrameworksBuildPhase;
			buildActionMask = 2147483647;
			files = (
			);
			runOnlyForDeploymentPostprocessing = 0;
		};
/* End PBXFrameworksBuildPhase section */

/* Begin PBXGroup section */
		039314951D1633EF00A7ADDC = {
			isa = PBXGroup;
			children = (
				039314A01D1633EF00A7ADDC /* PandingImage */,
				0393149F1D1633EF00A7ADDC /* Products */,
			);
			sourceTree = "<group>";
		};
		0393149F1D1633EF00A7ADDC /* Products */ = {
			isa = PBXGroup;
			children = (
				0393149E1D1633EF00A7ADDC /* PandingImage.app */,
			);
			name = Products;
			sourceTree = "<group>";
		};
		039314A01D1633EF00A7ADDC /* PandingImage */ = {
			isa = PBXGroup;
			children = (
				039314A41D1633EF00A7ADDC /* AppDelegate.h */,
				039314A51D1633EF00A7ADDC /* AppDelegate.m */,
				039314A71D1633EF00A7ADDC /* ViewController.h */,
				039314A81D1633EF00A7ADDC /* ViewController.m */,
				039314AA1D1633EF00A7ADDC /* Main.storyboard */,
				039314B81D16342300A7ADDC /* UIImage+LXHPandingImage.h */,
				039314B91D16342300A7ADDC /* UIImage+LXHPandingImage.m */,
				039314AD1D1633EF00A7ADDC /* Assets.xcassets */,
				039314AF1D1633EF00A7ADDC /* LaunchScreen.storyboard */,
				039314B21D1633EF00A7ADDC /* Info.plist */,
				039314A11D1633EF00A7ADDC /* Supporting Files */,
			);
			path = PandingImage;
			sourceTree = "<group>";
		};
		039314A11D1633EF00A7ADDC /* Supporting Files */ = {
			isa = PBXGroup;
			children = (
				039314A21D1633EF00A7ADDC /* main.m */,
			);
			name = "Supporting Files";
			sourceTree = "<group>";
		};
/* End PBXGroup section */

/* Begin PBXNativeTarget section */
		0393149D1D1633EF00A7ADDC /* PandingImage */ = {
			isa = PBXNativeTarget;
			buildConfigurationList = 039314B51D1633EF00A7ADDC /* Build configuration list for PBXNativeTarget "PandingImage" */;
			buildPhases = (
				0393149A1D1633EF00A7ADDC /* Sources */,
				0393149B1D1633EF00A7ADDC /* Frameworks */,
				0393149C1D1633EF00A7ADDC /* Resources */,
			);
			buildRules = (
			);
			dependencies = (
			);
			name = PandingImage;
			productName = PandingImage;
			productReference = 0393149E1D1633EF00A7ADDC /* PandingImage.app */;
			productType = "com.apple.product-type.application";
		};
/* End PBXNativeTarget section */

/* Begin PBXProject section */
		039314961D1633EF00A7ADDC /* Project object */ = {
			isa = PBXProject;
			attributes = {
				LastUpgradeCheck = 0730;
				ORGANIZATIONNAME = moxuyou;
				TargetAttributes = {
					0393149D1D1633EF00A7ADDC = {
						CreatedOnToolsVersion = 7.3;
					};
				};
			};
			buildConfigurationList = 039314991D1633EF00A7ADDC /* Build configuration list for PBXProject "PandingImage" */;
			compatibilityVersion = "Xcode 3.2";
			developmentRegion = English;
			hasScannedForEncodings = 0;
			knownRegions = (
				en,
				Base,
			);
			mainGroup = 039314951D1633EF00A7ADDC;
			productRefGroup = 0393149F1D1633EF00A7ADDC /* Products */;
			projectDirPath = "";
			projectRoot = "";
			targets = (
				0393149D1D1633EF00A7ADDC /* PandingImage */,
			);
		};
/* End PBXProject section */

/* Begin PBXResourcesBuildPhase section */
		0393149C1D1633EF00A7ADDC /* Resources */ = {
			isa = PBXResourcesBuildPhase;
			buildActionMask = 2147483647;
			files = (
				039314B11D1633EF00A7ADDC /* LaunchScreen.storyboard in Resources */,
				039314AE1D1633EF00A7ADDC /* Assets.xcassets in Resources */,
				039314AC1D1633EF00A7ADDC /* Main.storyboard in Resources */,
			);
			runOnlyForDeploymentPostprocessing = 0;
		};
/* End PBXResourcesBuildPhase section */

/* Begin PBXSourcesBuildPhase section */
		0393149A1D1633EF00A7ADDC /* Sources */ = {
			isa = PBXSourcesBuildPhase;
			buildActionMask = 2147483647;
			files = (
				039314BA1D16342300A7ADDC /* UIImage+LXHPandingImage.m in Sources */,
				039314A91D1633EF00A7ADDC /* ViewController.m in Sources */,
				039314A61D1633EF00A7ADDC /* AppDelegate.m in Sources */,
				039314A31D1633EF00A7ADDC /* main.m in Sources */,
			);
			runOnlyForDeploymentPostprocessing = 0;
		};
/* End PBXSourcesBuildPhase section */

/* Begin PBXVariantGroup section */
		039314AA1D1633EF00A7ADDC /* Main.storyboard */ = {
			isa = PBXVariantGroup;
			children = (
				039314AB1D1633EF00A7ADDC /* Base */,
			);
			name = Main.storyboard;
			sourceTree = "<group>";
		};
		039314AF1D1633EF00A7ADDC /* LaunchScreen.storyboard */ = {
			isa = PBXVariantGroup;
			children = (
				039314B01D1633EF00A7ADDC /* Base */,
			);
			name = LaunchScreen.storyboard;
			sourceTree = "<group>";
		};
/* End PBXVariantGroup section */

/* Begin XCBuildConfiguration section */
		039314B31D1633EF00A7ADDC /* Debug */ = {
			isa = XCBuildConfiguration;
			buildSettings = {
				ALWAYS_SEARCH_USER_PATHS = NO;
				CLANG_ANALYZER_NONNULL = YES;
				CLANG_CXX_LANGUAGE_STANDARD = "gnu++0x";
				CLANG_CXX_LIBRARY = "libc++";
				CLANG_ENABLE_MODULES = YES;
				CLANG_ENABLE_OBJC_ARC = YES;
				CLANG_WARN_BOOL_CONVERSION = YES;
				CLANG_WARN_CONSTANT_CONVERSION = YES;
				CLANG_WARN_DIRECT_OBJC_ISA_USAGE = YES_ERROR;
				CLANG_WARN_EMPTY_BODY = YES;
				CLANG_WARN_ENUM_CONVERSION = YES;
				CLANG_WARN_INT_CONVERSION = YES;
				CLANG_WARN_OBJC_ROOT_CLASS = YES_ERROR;
				CLANG_WARN_UNREACHABLE_CODE = YES;
				CLANG_WARN__DUPLICATE_METHOD_MATCH = YES;
				"CODE_SIGN_IDENTITY[sdk=iphoneos*]" = "iPhone Developer";
				COPY_PHASE_STRIP = NO;
				DEBUG_INFORMATION_FORMAT = dwarf;
				ENABLE_STRICT_OBJC_MSGSEND = YES;
				ENABLE_TESTABILITY = YES;
				GCC_C_LANGUAGE_STANDARD = gnu99;
				GCC_DYNAMIC_NO_PIC = NO;
				GCC_NO_COMMON_BLOCKS = YES;
				GCC_OPTIMIZATION_LEVEL = 0;
				GCC_PREPROCESSOR_DEFINITIONS = (
					"DEBUG=1",
					"$(inherited)",
				);
				GCC_WARN_64_TO_32_BIT_CONVERSION = YES;
				GCC_WARN_ABOUT_RETURN_TYPE = YES_ERROR;
				GCC_WARN_UNDECLARED_SELECTOR = YES;
				GCC_WARN_UNINITIALIZED_AUTOS = YES_AGGRESSIVE;
				GCC_WARN_UNUSED_FUNCTION = YES;
				GCC_WARN_UNUSED_VARIABLE = YES;
				IPHONEOS_DEPLOYMENT_TARGET = 9.3;
				MTL_ENABLE_DEBUG_INFO = YES;
				ONLY_ACTIVE_ARCH = YES;
				SDKROOT = iphoneos;
			};
			name = Debug;
		};
		039314B41D1633EF00A7ADDC /* Release */ = {
			isa = XCBuildConfiguration;
			buildSettings = {
				ALWAYS_SEARCH_USER_PATHS = NO;
				CLANG_ANALYZER_NONNULL = YES;
				CLANG_CXX_LANGUAGE_STANDARD = "gnu++0x";
				CLANG_CXX_LIBRARY = "libc++";
				CLANG_ENABLE_MODULES = YES;
				CLANG_ENABLE_OBJC_ARC = YES;
				CLANG_WARN_BOOL_CONVERSION = YES;
				CLANG_WARN_CONSTANT_CONVERSION = YES;
				CLANG_WARN_DIRECT_OBJC_ISA_USAGE = YES_ERROR;
				CLANG_WARN_EMPTY_BODY = YES;
				CLANG_WARN_ENUM_CONVERSION = YES;
				CLANG_WARN_INT_CONVERSION = YES;
				CLANG_WARN_OBJC_ROOT_CLASS = YES_ERROR;
				CLANG_WARN_UNREACHABLE_CODE = YES;
				CLANG_WARN__DUPLICATE_METHOD_MATCH = YES;
				"CODE_SIGN_IDENTITY[sdk=iphoneos*]" = "iPhone Developer";
				COPY_PHASE_STRIP = NO;
				DEBUG_INFORMATION_FORMAT = "dwarf-with-dsym";
				ENABLE_NS_ASSERTIONS = NO;
				ENABLE_STRICT_OBJC_MSGSEND = YES;
				GCC_C_LANGUAGE_STANDARD = gnu99;
				GCC_NO_COMMON_BLOCKS = YES;
				GCC_WARN_64_TO_32_BIT_CONVERSION = YES;
				GCC_WARN_ABOUT_RETURN_TYPE = YES_ERROR;
				GCC_WARN_UNDECLARED_SELECTOR = YES;
				GCC_WARN_UNINITIALIZED_AUTOS = YES_AGGRESSIVE;
				GCC_WARN_UNUSED_FUNCTION = YES;
				GCC_WARN_UNUSED_VARIABLE = YES;
				IPHONEOS_DEPLOYMENT_TARGET = 9.3;
				MTL_ENABLE_DEBUG_INFO = NO;
				SDKROOT = iphoneos;
				VALIDATE_PRODUCT = YES;
			};
			name = Release;
		};
		039314B61D1633EF00A7ADDC /* Debug */ = {
			isa = XCBuildConfiguration;
			buildSettings = {
				ASSETCATALOG_COMPILER_APPICON_NAME = AppIcon;
				INFOPLIST_FILE = PandingImage/Info.plist;
				LD_RUNPATH_SEARCH_PATHS = "$(inherited) @executable_path/Frameworks";
				PRODUCT_BUNDLE_IDENTIFIER = com.moxuyou.PandingImage;
				PRODUCT_NAME = "$(TARGET_NAME)";
			};
			name = Debug;
		};
		039314B71D1633EF00A7ADDC /* Release */ = {
			isa = XCBuildConfiguration;
			buildSettings = {
				ASSETCATALOG_COMPILER_APPICON_NAME = AppIcon;
				INFOPLIST_FILE = PandingImage/Info.plist;
				LD_RUNPATH_SEARCH_PATHS = "$(inherited) @executable_path/Frameworks";
				PRODUCT_BUNDLE_IDENTIFIER = com.moxuyou.PandingImage;
				PRODUCT_NAME = "$(TARGET_NAME)";
			};
			name = Release;
		};
/* End XCBuildConfiguration section */

/* Begin XCConfigurationList section */
		039314991D1633EF00A7ADDC /* Build configuration list for PBXProject "PandingImage" */ = {
			isa = XCConfigurationList;
			buildConfigurations = (
				039314B31D1633EF00A7ADDC /* Debug */,
				039314B41D1633EF00A7ADDC /* Release */,
			);
			defaultConfigurationIsVisible = 0;
			defaultConfigurationName = Release;
		};
		039314B51D1633EF00A7ADDC /* Build configuration list for PBXNativeTarget "PandingImage" */ = {
			isa = XCConfigurationList;
			buildConfigurations = (
				039314B61D1633EF00A7ADDC /* Debug */,
				039314B71D1633EF00A7ADDC /* Release */,
			);
			defaultConfigurationIsVisible = 0;
		};
/* End XCConfigurationList section */
	};
	rootObject = 039314961D1633EF00A7ADDC /* Project object */;
}
